
Microsoft Visual Studio Solution File, Format Version 12.00
# Visual Studio 14
VisualStudioVersion = 14.0.24720.0
MinimumVisualStudioVersion = 10.0.40219.1
Project("{FAE04EC0-301F-11D3-BF4B-00C04F79EFBC}") = "DevExpressDataSource", "DevExpressDataSource\DevExpressDataSource.csproj", "{486199A5-8268-4EEF-A38A-EE6A5E76759F}"
EndProject
Global
	GlobalSection(SolutionConfigurationPlatforms) = preSolution
		Debug|Any CPU = Debug|Any CPU
		Release|Any CPU = Release|Any CPU
	EndGlobalSection
	GlobalSection(ProjectConfigurationPlatforms) = postSolution
		{486199A5-8268-4EEF-A38A-EE6A5E76759F}.Debug|Any CPU.ActiveCfg = Debug|Any CPU
		{486199A5-8268-4EEF-A38A-EE6A5E76759F}.Debug|Any CPU.Build.0 = Debug|Any CPU
		{486199A5-8268-4EEF-A38A-EE6A5E76759F}.Release|Any CPU.ActiveCfg = Release|Any CPU
		{486199A5-8268-4EEF-A38A-EE6A5E76759F}.Release|Any CPU.Build.0 = Release|Any CPU
	EndGlobalSection
	GlobalSection(SolutionProperties) = preSolution
		HideSolutionNode = FALSE
	EndGlobalSection
EndGlobal
